
Microsoft Visual Studio Solution File, Format Version 12.00
# Visual Studio Version 17
VisualStudioVersion = 17.14.36221.1 d17.14
MinimumVisualStudioVersion = 10.0.40219.1
Project("{FAE04EC0-301F-11D3-BF4B-00C04F79EFBC}") = "Task4", "Task4\Task4.csproj", "{BE71F4B7-3D99-4F72-8BFF-BC39EA7F0412}"
EndProject
Global
	GlobalSection(SolutionConfigurationPlatforms) = preSolution
		Debug|Any CPU = Debug|Any CPU
		Release|Any CPU = Release|Any CPU
	EndGlobalSection
	GlobalSection(ProjectConfigurationPlatforms) = postSolution
		{BE71F4B7-3D99-4F72-8BFF-BC39EA7F0412}.Debug|Any CPU.ActiveCfg = Debug|Any CPU
		{BE71F4B7-3D99-4F72-8BFF-BC39EA7F0412}.Debug|Any CPU.Build.0 = Debug|Any CPU
		{BE71F4B7-3D99-4F72-8BFF-BC39EA7F0412}.Release|Any CPU.ActiveCfg = Release|Any CPU
		{BE71F4B7-3D99-4F72-8BFF-BC39EA7F0412}.Release|Any CPU.Build.0 = Release|Any CPU
	EndGlobalSection
	GlobalSection(SolutionProperties) = preSolution
		HideSolutionNode = FALSE
	EndGlobalSection
	GlobalSection(ExtensibilityGlobals) = postSolution
		SolutionGuid = {23CAD75E-4605-4543-A84D-AC0B8BAF3B09}
	EndGlobalSection
EndGlobal
